
Microsoft Visual Studio Solution File, Format Version 12.00
# Visual Studio Version 17
VisualStudioVersion = 17.5.002.0
MinimumVisualStudioVersion = 10.0.40219.1
Project("{9A19103F-16F7-4668-BE54-9A1E7A4F7556}") = "cse210-hw", "cse210-hw.csproj", "{4A479B9F-15C1-410C-A3EF-DACE7D5F8026}"
EndProject
Project("{2150E333-8FDC-42A3-9474-1A3956D46DE8}") = "csharp-prep", "csharp-prep", "{242C60F4-5F4B-40D4-BB10-838535E5FF1E}"
EndProject
Project("{9A19103F-16F7-4668-BE54-9A1E7A4F7556}") = "Prep1", "csharp-prep\Prep1\Prep1.csproj", "{53F1E0EB-9E27-400C-AB98-05235FA01284}"
EndProject
Project("{9A19103F-16F7-4668-BE54-9A1E7A4F7556}") = "Prep2", "csharp-prep\Prep2\Prep2.csproj", "{BD477D62-50A9-48EA-8B4D-B0003A8E4114}"
EndProject
Project("{9A19103F-16F7-4668-BE54-9A1E7A4F7556}") = "Prep3", "csharp-prep\Prep3\Prep3.csproj", "{5BBCD1CE-370C-4CB7-AA92-9D05DB03174A}"
EndProject
Project("{9A19103F-16F7-4668-BE54-9A1E7A4F7556}") = "Prep4", "csharp-prep\Prep4\Prep4.csproj", "{4D56425B-2B8E-48E0-9063-FF10449B42BE}"
EndProject
Project("{9A19103F-16F7-4668-BE54-9A1E7A4F7556}") = "Prep5", "csharp-prep\Prep5\Prep5.csproj", "{ADFE519A-E383-4EF3-952A-17C5CE2100BA}"
EndProject
Project("{2150E333-8FDC-42A3-9474-1A3956D46DE8}") = "final", "final", "{89322091-5D3B-4D59-B6D8-73582ED0B330}"
EndProject
Project("{9A19103F-16F7-4668-BE54-9A1E7A4F7556}") = "FinalProject", "final\FinalProject\FinalProject.csproj", "{D399C278-978E-4033-9BC7-26BA9B34D5E1}"
EndProject
Project("{9A19103F-16F7-4668-BE54-9A1E7A4F7556}") = "Foundation1", "final\Foundation1\Foundation1.csproj", "{2392416B-98DA-416B-B8B8-69B5154BEC9D}"
EndProject
Project("{9A19103F-16F7-4668-BE54-9A1E7A4F7556}") = "Foundation2", "final\Foundation2\Foundation2.csproj", "{B57A3B48-59ED-4F0C-ACF0-6F21CB91C27F}"
EndProject
Project("{9A19103F-16F7-4668-BE54-9A1E7A4F7556}") = "Foundation3", "final\Foundation3\Foundation3.csproj", "{DC34C0BA-B4EF-4ECC-AD80-2A5F71164772}"
EndProject
Project("{9A19103F-16F7-4668-BE54-9A1E7A4F7556}") = "Foundation4", "final\Foundation4\Foundation4.csproj", "{89C78132-B8E0-40B1-81F5-F72BF53A299E}"
EndProject
Project("{2150E333-8FDC-42A3-9474-1A3956D46DE8}") = "prepare", "prepare", "{6E9CD77F-18AA-44DD-ABD8-3F36F520BB2A}"
EndProject
Project("{9A19103F-16F7-4668-BE54-9A1E7A4F7556}") = "Learning02", "prepare\Learning02\Learning02.csproj", "{403277E7-B677-4610-ADBE-00B44EA39AFC}"
EndProject
Project("{9A19103F-16F7-4668-BE54-9A1E7A4F7556}") = "Learning03", "prepare\Learning03\Learning03.csproj", "{FF17C30A-A1B0-490B-83F0-F5874C6DA7BB}"
EndProject
Project("{9A19103F-16F7-4668-BE54-9A1E7A4F7556}") = "Learning04", "prepare\Learning04\Learning04.csproj", "{40234B27-EAC5-47A8-9127-F510C103A2CA}"
EndProject
Project("{9A19103F-16F7-4668-BE54-9A1E7A4F7556}") = "Learning05", "prepare\Learning05\Learning05.csproj", "{8DC76836-1187-47F9-BACE-05B18B63EE09}"
EndProject
Project("{2150E333-8FDC-42A3-9474-1A3956D46DE8}") = "prove", "prove", "{C7D93F29-A59A-47DC-85B3-73679B5E8840}"
EndProject
Project("{9A19103F-16F7-4668-BE54-9A1E7A4F7556}") = "Develop02", "prove\Develop02\Develop02.csproj", "{CBF69656-62F6-49EF-9308-5B6985D9D7D2}"
EndProject
Project("{9A19103F-16F7-4668-BE54-9A1E7A4F7556}") = "Develop03", "prove\Develop03\Develop03.csproj", "{F9B399D8-D5FB-40AA-9CA1-DB53F306006D}"
EndProject
Project("{9A19103F-16F7-4668-BE54-9A1E7A4F7556}") = "Develop04", "prove\Develop04\Develop04.csproj", "{8E4CCDCE-9E29-487B-820C-986F046C3E45}"
EndProject
Project("{9A19103F-16F7-4668-BE54-9A1E7A4F7556}") = "Develop05", "prove\Develop05\Develop05.csproj", "{30425F4B-ED34-4563-9819-510D337D56E7}"
EndProject
Project("{2150E333-8FDC-42A3-9474-1A3956D46DE8}") = "sandbox", "sandbox", "{6518460E-1AFD-442B-AA56-C54C07FD0F75}"
EndProject
Project("{9A19103F-16F7-4668-BE54-9A1E7A4F7556}") = "Sandbox", "sandbox\Sandbox\Sandbox.csproj", "{F6901929-DF65-46AB-A7BD-1142563D649C}"
EndProject
Global
	GlobalSection(SolutionConfigurationPlatforms) = preSolution
		Debug|Any CPU = Debug|Any CPU
		Release|Any CPU = Release|Any CPU
	EndGlobalSection
	GlobalSection(ProjectConfigurationPlatforms) = postSolution
		{4A479B9F-15C1-410C-A3EF-DACE7D5F8026}.Debug|Any CPU.ActiveCfg = Debug|Any CPU
		{4A479B9F-15C1-410C-A3EF-DACE7D5F8026}.Debug|Any CPU.Build.0 = Debug|Any CPU
		{4A479B9F-15C1-410C-A3EF-DACE7D5F8026}.Release|Any CPU.ActiveCfg = Release|Any CPU
		{4A479B9F-15C1-410C-A3EF-DACE7D5F8026}.Release|Any CPU.Build.0 = Release|Any CPU
		{53F1E0EB-9E27-400C-AB98-05235FA01284}.Debug|Any CPU.ActiveCfg = Debug|Any CPU
		{53F1E0EB-9E27-400C-AB98-05235FA01284}.Debug|Any CPU.Build.0 = Debug|Any CPU
		{53F1E0EB-9E27-400C-AB98-05235FA01284}.Release|Any CPU.ActiveCfg = Release|Any CPU
		{53F1E0EB-9E27-400C-AB98-05235FA01284}.Release|Any CPU.Build.0 = Release|Any CPU
		{BD477D62-50A9-48EA-8B4D-B0003A8E4114}.Debug|Any CPU.ActiveCfg = Debug|Any CPU
		{BD477D62-50A9-48EA-8B4D-B0003A8E4114}.Debug|Any CPU.Build.0 = Debug|Any CPU
		{BD477D62-50A9-48EA-8B4D-B0003A8E4114}.Release|Any CPU.ActiveCfg = Release|Any CPU
		{BD477D62-50A9-48EA-8B4D-B0003A8E4114}.Release|Any CPU.Build.0 = Release|Any CPU
		{5BBCD1CE-370C-4CB7-AA92-9D05DB03174A}.Debug|Any CPU.ActiveCfg = Debug|Any CPU
		{5BBCD1CE-370C-4CB7-AA92-9D05DB03174A}.Debug|Any CPU.Build.0 = Debug|Any CPU
		{5BBCD1CE-370C-4CB7-AA92-9D05DB03174A}.Release|Any CPU.ActiveCfg = Release|Any CPU
		{5BBCD1CE-370C-4CB7-AA92-9D05DB03174A}.Release|Any CPU.Build.0 = Release|Any CPU
		{4D56425B-2B8E-48E0-9063-FF10449B42BE}.Debug|Any CPU.ActiveCfg = Debug|Any CPU
		{4D56425B-2B8E-48E0-9063-FF10449B42BE}.Debug|Any CPU.Build.0 = Debug|Any CPU
		{4D56425B-2B8E-48E0-9063-FF10449B42BE}.Release|Any CPU.ActiveCfg = Release|Any CPU
		{4D56425B-2B8E-48E0-9063-FF10449B42BE}.Release|Any CPU.Build.0 = Release|Any CPU
		{ADFE519A-E383-4EF3-952A-17C5CE2100BA}.Debug|Any CPU.ActiveCfg = Debug|Any CPU
		{ADFE519A-E383-4EF3-952A-17C5CE2100BA}.Debug|Any CPU.Build.0 = Debug|Any CPU
		{ADFE519A-E383-4EF3-952A-17C5CE2100BA}.Release|Any CPU.ActiveCfg = Release|Any CPU
		{ADFE519A-E383-4EF3-952A-17C5CE2100BA}.Release|Any CPU.Build.0 = Release|Any CPU
		{D399C278-978E-4033-9BC7-26BA9B34D5E1}.Debug|Any CPU.ActiveCfg = Debug|Any CPU
		{D399C278-978E-4033-9BC7-26BA9B34D5E1}.Debug|Any CPU.Build.0 = Debug|Any CPU
		{D399C278-978E-4033-9BC7-26BA9B34D5E1}.Release|Any CPU.ActiveCfg = Release|Any CPU
		{D399C278-978E-4033-9BC7-26BA9B34D5E1}.Release|Any CPU.Build.0 = Release|Any CPU
		{2392416B-98DA-416B-B8B8-69B5154BEC9D}.Debug|Any CPU.ActiveCfg = Debug|Any CPU
		{2392416B-98DA-416B-B8B8-69B5154BEC9D}.Debug|Any CPU.Build.0 = Debug|Any CPU
		{2392416B-98DA-416B-B8B8-69B5154BEC9D}.Release|Any CPU.ActiveCfg = Release|Any CPU
		{2392416B-98DA-416B-B8B8-69B5154BEC9D}.Release|Any CPU.Build.0 = Release|Any CPU
		{B57A3B48-59ED-4F0C-ACF0-6F21CB91C27F}.Debug|Any CPU.ActiveCfg = Debug|Any CPU
		{B57A3B48-59ED-4F0C-ACF0-6F21CB91C27F}.Debug|Any CPU.Build.0 = Debug|Any CPU
		{B57A3B48-59ED-4F0C-ACF0-6F21CB91C27F}.Release|Any CPU.ActiveCfg = Release|Any CPU
		{B57A3B48-59ED-4F0C-ACF0-6F21CB91C27F}.Release|Any CPU.Build.0 = Release|Any CPU
		{DC34C0BA-B4EF-4ECC-AD80-2A5F71164772}.Debug|Any CPU.ActiveCfg = Debug|Any CPU
		{DC34C0BA-B4EF-4ECC-AD80-2A5F71164772}.Debug|Any CPU.Build.0 = Debug|Any CPU
		{DC34C0BA-B4EF-4ECC-AD80-2A5F71164772}.Release|Any CPU.ActiveCfg = Release|Any CPU
		{DC34C0BA-B4EF-4ECC-AD80-2A5F71164772}.Release|Any CPU.Build.0 = Release|Any CPU
		{89C78132-B8E0-40B1-81F5-F72BF53A299E}.Debug|Any CPU.ActiveCfg = Debug|Any CPU
		{89C78132-B8E0-40B1-81F5-F72BF53A299E}.Debug|Any CPU.Build.0 = Debug|Any CPU
		{89C78132-B8E0-40B1-81F5-F72BF53A299E}.Release|Any CPU.ActiveCfg = Release|Any CPU
		{89C78132-B8E0-40B1-81F5-F72BF53A299E}.Release|Any CPU.Build.0 = Release|Any CPU
		{403277E7-B677-4610-ADBE-00B44EA39AFC}.Debug|Any CPU.ActiveCfg = Debug|Any CPU
		{403277E7-B677-4610-ADBE-00B44EA39AFC}.Debug|Any CPU.Build.0 = Debug|Any CPU
		{403277E7-B677-4610-ADBE-00B44EA39AFC}.Release|Any CPU.ActiveCfg = Release|Any CPU
		{403277E7-B677-4610-ADBE-00B44EA39AFC}.Release|Any CPU.Build.0 = Release|Any CPU
		{FF17C30A-A1B0-490B-83F0-F5874C6DA7BB}.Debug|Any CPU.ActiveCfg = Debug|Any CPU
		{FF17C30A-A1B0-490B-83F0-F5874C6DA7BB}.Debug|Any CPU.Build.0 = Debug|Any CPU
		{FF17C30A-A1B0-490B-83F0-F5874C6DA7BB}.Release|Any CPU.ActiveCfg = Release|Any CPU
		{FF17C30A-A1B0-490B-83F0-F5874C6DA7BB}.Release|Any CPU.Build.0 = Release|Any CPU
		{40234B27-EAC5-47A8-9127-F510C103A2CA}.Debug|Any CPU.ActiveCfg = Debug|Any CPU
		{40234B27-EAC5-47A8-9127-F510C103A2CA}.Debug|Any CPU.Build.0 = Debug|Any CPU
		{40234B27-EAC5-47A8-9127-F510C103A2CA}.Release|Any CPU.ActiveCfg = Release|Any CPU
		{40234B27-EAC5-47A8-9127-F510C103A2CA}.Release|Any CPU.Build.0 = Release|Any CPU
		{8DC76836-1187-47F9-BACE-05B18B63EE09}.Debug|Any CPU.ActiveCfg = Debug|Any CPU
		{8DC76836-1187-47F9-BACE-05B18B63EE09}.Debug|Any CPU.Build.0 = Debug|Any CPU
		{8DC76836-1187-47F9-BACE-05B18B63EE09}.Release|Any CPU.ActiveCfg = Release|Any CPU
		{8DC76836-1187-47F9-BACE-05B18B63EE09}.Release|Any CPU.Build.0 = Release|Any CPU
		{CBF69656-62F6-49EF-9308-5B6985D9D7D2}.Debug|Any CPU.ActiveCfg = Debug|Any CPU
		{CBF69656-62F6-49EF-9308-5B6985D9D7D2}.Debug|Any CPU.Build.0 = Debug|Any CPU
		{CBF69656-62F6-49EF-9308-5B6985D9D7D2}.Release|Any CPU.ActiveCfg = Release|Any CPU
		{CBF69656-62F6-49EF-9308-5B6985D9D7D2}.Release|Any CPU.Build.0 = Release|Any CPU
		{F9B399D8-D5FB-40AA-9CA1-DB53F306006D}.Debug|Any CPU.ActiveCfg = Debug|Any CPU
		{F9B399D8-D5FB-40AA-9CA1-DB53F306006D}.Debug|Any CPU.Build.0 = Debug|Any CPU
		{F9B399D8-D5FB-40AA-9CA1-DB53F306006D}.Release|Any CPU.ActiveCfg = Release|Any CPU
		{F9B399D8-D5FB-40AA-9CA1-DB53F306006D}.Release|Any CPU.Build.0 = Release|Any CPU
		{8E4CCDCE-9E29-487B-820C-986F046C3E45}.Debug|Any CPU.ActiveCfg = Debug|Any CPU
		{8E4CCDCE-9E29-487B-820C-986F046C3E45}.Debug|Any CPU.Build.0 = Debug|Any CPU
		{8E4CCDCE-9E29-487B-820C-986F046C3E45}.Release|Any CPU.ActiveCfg = Release|Any CPU
		{8E4CCDCE-9E29-487B-820C-986F046C3E45}.Release|Any CPU.Build.0 = Release|Any CPU
		{30425F4B-ED34-4563-9819-510D337D56E7}.Debug|Any CPU.ActiveCfg = Debug|Any CPU
		{30425F4B-ED34-4563-9819-510D337D56E7}.Debug|Any CPU.Build.0 = Debug|Any CPU
		{30425F4B-ED34-4563-9819-510D337D56E7}.Release|Any CPU.ActiveCfg = Release|Any CPU
		{30425F4B-ED34-4563-9819-510D337D56E7}.Release|Any CPU.Build.0 = Release|Any CPU
		{F6901929-DF65-46AB-A7BD-1142563D649C}.Debug|Any CPU.ActiveCfg = Debug|Any CPU
		{F6901929-DF65-46AB-A7BD-1142563D649C}.Debug|Any CPU.Build.0 = Debug|Any CPU
		{F6901929-DF65-46AB-A7BD-1142563D649C}.Release|Any CPU.ActiveCfg = Release|Any CPU
		{F6901929-DF65-46AB-A7BD-1142563D649C}.Release|Any CPU.Build.0 = Release|Any CPU
	EndGlobalSection
	GlobalSection(SolutionProperties) = preSolution
		HideSolutionNode = FALSE
	EndGlobalSection
	GlobalSection(NestedProjects) = preSolution
		{53F1E0EB-9E27-400C-AB98-05235FA01284} = {242C60F4-5F4B-40D4-BB10-838535E5FF1E}
		{BD477D62-50A9-48EA-8B4D-B0003A8E4114} = {242C60F4-5F4B-40D4-BB10-838535E5FF1E}
		{5BBCD1CE-370C-4CB7-AA92-9D05DB03174A} = {242C60F4-5F4B-40D4-BB10-838535E5FF1E}
		{4D56425B-2B8E-48E0-9063-FF10449B42BE} = {242C60F4-5F4B-40D4-BB10-838535E5FF1E}
		{ADFE519A-E383-4EF3-952A-17C5CE2100BA} = {242C60F4-5F4B-40D4-BB10-838535E5FF1E}
		{D399C278-978E-4033-9BC7-26BA9B34D5E1} = {89322091-5D3B-4D59-B6D8-73582ED0B330}
		{2392416B-98DA-416B-B8B8-69B5154BEC9D} = {89322091-5D3B-4D59-B6D8-73582ED0B330}
		{B57A3B48-59ED-4F0C-ACF0-6F21CB91C27F} = {89322091-5D3B-4D59-B6D8-73582ED0B330}
		{DC34C0BA-B4EF-4ECC-AD80-2A5F71164772} = {89322091-5D3B-4D59-B6D8-73582ED0B330}
		{89C78132-B8E0-40B1-81F5-F72BF53A299E} = {89322091-5D3B-4D59-B6D8-73582ED0B330}
		{403277E7-B677-4610-ADBE-00B44EA39AFC} = {6E9CD77F-18AA-44DD-ABD8-3F36F520BB2A}
		{FF17C30A-A1B0-490B-83F0-F5874C6DA7BB} = {6E9CD77F-18AA-44DD-ABD8-3F36F520BB2A}
		{40234B27-EAC5-47A8-9127-F510C103A2CA} = {6E9CD77F-18AA-44DD-ABD8-3F36F520BB2A}
		{8DC76836-1187-47F9-BACE-05B18B63EE09} = {6E9CD77F-18AA-44DD-ABD8-3F36F520BB2A}
		{CBF69656-62F6-49EF-9308-5B6985D9D7D2} = {C7D93F29-A59A-47DC-85B3-73679B5E8840}
		{F9B399D8-D5FB-40AA-9CA1-DB53F306006D} = {C7D93F29-A59A-47DC-85B3-73679B5E8840}
		{8E4CCDCE-9E29-487B-820C-986F046C3E45} = {C7D93F29-A59A-47DC-85B3-73679B5E8840}
		{30425F4B-ED34-4563-9819-510D337D56E7} = {C7D93F29-A59A-47DC-85B3-73679B5E8840}
		{F6901929-DF65-46AB-A7BD-1142563D649C} = {6518460E-1AFD-442B-AA56-C54C07FD0F75}
	EndGlobalSection
	GlobalSection(ExtensibilityGlobals) = postSolution
		SolutionGuid = {AEAB041B-F681-40AD-8514-F7F67C1D0BE6}
	EndGlobalSection
EndGlobal
